Microsoft Visual Studio Solution File, Format Version 8.00
Project("{FAE04EC0-301F-11D3-BF4B-00C04F79EFBC}") = "DailyRate", "DailyRate.csproj", "{DA0BF738-0F06-4DD3-BA78-7889A7A81FC6}"
	ProjectSection(ProjectDependencies) = postProject
	EndProjectSection
EndProject
Global
	GlobalSection(SolutionConfiguration) = preSolution
		Debug = Debug
		Release = Release
	EndGlobalSection
	GlobalSection(ProjectConfiguration) = postSolution
		{DA0BF738-0F06-4DD3-BA78-7889A7A81FC6}.Debug.ActiveCfg = Debug|.NET
		{DA0BF738-0F06-4DD3-BA78-7889A7A81FC6}.Debug.Build.0 = Debug|.NET
		{DA0BF738-0F06-4DD3-BA78-7889A7A81FC6}.Release.ActiveCfg = Release|.NET
		{DA0BF738-0F06-4DD3-BA78-7889A7A81FC6}.Release.Build.0 = Release|.NET
	EndGlobalSection
	GlobalSection(ExtensibilityGlobals) = postSolution
	EndGlobalSection
	GlobalSection(ExtensibilityAddIns) = postSolution
	EndGlobalSection
EndGlobal
